
Microsoft Visual Studio Solution File, Format Version 12.00
# Visual Studio 15
VisualStudioVersion = 15.0.26730.12
MinimumVisualStudioVersion = 10.0.40219.1
Project("{FAE04EC0-301F-11D3-BF4B-00C04F79EFBC}") = "SmartSchoolBusWebRJS", "SmartSchoolBusWebRJS\SmartSchoolBusWebRJS.csproj", "{AF3E84A0-3294-4D9E-AFFB-73A1FA763A83}"
EndProject
Global
	GlobalSection(SolutionConfigurationPlatforms) = preSolution
		Debug|Any CPU = Debug|Any CPU
		Release|Any CPU = Release|Any CPU
	EndGlobalSection
	GlobalSection(ProjectConfigurationPlatforms) = postSolution
		{AF3E84A0-3294-4D9E-AFFB-73A1FA763A83}.Debug|Any CPU.ActiveCfg = Debug|Any CPU
		{AF3E84A0-3294-4D9E-AFFB-73A1FA763A83}.Debug|Any CPU.Build.0 = Debug|Any CPU
		{AF3E84A0-3294-4D9E-AFFB-73A1FA763A83}.Release|Any CPU.ActiveCfg = Release|Any CPU
		{AF3E84A0-3294-4D9E-AFFB-73A1FA763A83}.Release|Any CPU.Build.0 = Release|Any CPU
	EndGlobalSection
	GlobalSection(SolutionProperties) = preSolution
		HideSolutionNode = FALSE
	EndGlobalSection
	GlobalSection(ExtensibilityGlobals) = postSolution
		SolutionGuid = {B531E5BB-52DC-45DB-B0AE-9AF3237AA755}
	EndGlobalSection
EndGlobal
